
Microsoft Visual Studio Solution File, Format Version 12.00
# Visual Studio Version 17
VisualStudioVersion = 17.10.34916.146
MinimumVisualStudioVersion = 10.0.40219.1
Project("{8BC9CEB8-8B4A-11D0-8D11-00A0C91BC942}") = "Checkers", "Checkers\Checkers.vcxproj", "{A10D2BCB-9D3F-4771-BAC6-EDC7EB919405}"
EndProject
Global
	GlobalSection(SolutionConfigurationPlatforms) = preSolution
		Debug|x64 = Debug|x64
		Debug|x86 = Debug|x86
		Release|x64 = Release|x64
		Release|x86 = Release|x86
	EndGlobalSection
	GlobalSection(ProjectConfigurationPlatforms) = postSolution
		{A10D2BCB-9D3F-4771-BAC6-EDC7EB919405}.Debug|x64.ActiveCfg = Debug|x64
		{A10D2BCB-9D3F-4771-BAC6-EDC7EB919405}.Debug|x64.Build.0 = Debug|x64
		{A10D2BCB-9D3F-4771-BAC6-EDC7EB919405}.Debug|x86.ActiveCfg = Debug|Win32
		{A10D2BCB-9D3F-4771-BAC6-EDC7EB919405}.Debug|x86.Build.0 = Debug|Win32
		{A10D2BCB-9D3F-4771-BAC6-EDC7EB919405}.Release|x64.ActiveCfg = Release|x64
		{A10D2BCB-9D3F-4771-BAC6-EDC7EB919405}.Release|x64.Build.0 = Release|x64
		{A10D2BCB-9D3F-4771-BAC6-EDC7EB919405}.Release|x86.ActiveCfg = Release|Win32
		{A10D2BCB-9D3F-4771-BAC6-EDC7EB919405}.Release|x86.Build.0 = Release|Win32
	EndGlobalSection
	GlobalSection(SolutionProperties) = preSolution
		HideSolutionNode = FALSE
	EndGlobalSection
	GlobalSection(ExtensibilityGlobals) = postSolution
		SolutionGuid = {5F32D681-BCDE-48A6-B275-6FDA98ECEAAF}
	EndGlobalSection
EndGlobal
